
Microsoft Visual Studio Solution File, Format Version 12.00
# Visual Studio Version 17
VisualStudioVersion = 17.8.34112.27
MinimumVisualStudioVersion = 10.0.40219.1
Project("{2150E333-8FDC-42A3-9474-1A3956D46DE8}") = "Infrastructure", "Infrastructure", "{4660A854-62C7-468A-AED4-A0C13F37788D}"
EndProject
Project("{9A19103F-16F7-4668-BE54-9A1E7A4F7556}") = "Common", "Common\Common.csproj", "{8443C278-A6E6-4BE3-87C1-816CCF028397}"
EndProject
Project("{9A19103F-16F7-4668-BE54-9A1E7A4F7556}") = "DataAccess", "DataAccess\DataAccess.csproj", "{1083FF4F-3ED5-4E87-A369-AA68D5C7394E}"
EndProject
Project("{9A19103F-16F7-4668-BE54-9A1E7A4F7556}") = "DTOs", "DTOs\DTOs.csproj", "{C58C4C6F-69C6-4A19-8BE5-142EC8CDCE93}"
EndProject
Project("{9A19103F-16F7-4668-BE54-9A1E7A4F7556}") = "Entities", "Entities\Entities.csproj", "{A92C3EF3-2EC7-49E0-B0BB-87F2AC3B40EC}"
EndProject
Project("{9A19103F-16F7-4668-BE54-9A1E7A4F7556}") = "Identity", "Identity\Identity.csproj", "{612AABD3-A8A0-43E9-89EC-413D2348AC9A}"
EndProject
Project("{9A19103F-16F7-4668-BE54-9A1E7A4F7556}") = "ResponseHandler", "ResponseHandler\ResponseHandler.csproj", "{06036380-8E1F-4000-8C59-4ABF7A7B0F1B}"
EndProject
Project("{9A19103F-16F7-4668-BE54-9A1E7A4F7556}") = "Services", "Services\Services.csproj", "{20F4C2AD-A5E1-43E7-A2A5-FE5C233BA3D8}"
EndProject
Project("{2150E333-8FDC-42A3-9474-1A3956D46DE8}") = "Api", "Api", "{F5863E19-3208-4E01-8409-E23026C6F54B}"
EndProject
Project("{2150E333-8FDC-42A3-9474-1A3956D46DE8}") = "Web", "Web", "{6779D5E3-1DDF-45CF-B8DE-F8883DF6A0DB}"
EndProject
Project("{9A19103F-16F7-4668-BE54-9A1E7A4F7556}") = "WebApp", "Admin.Web\WebApp.csproj", "{9DFC0E21-3705-4CFA-A529-BAFA274DA358}"
EndProject
Project("{9A19103F-16F7-4668-BE54-9A1E7A4F7556}") = "Admin.Api", "Admin.Api\Admin.Api.csproj", "{CD794A34-965B-4CC8-9173-796C5F7062F5}"
EndProject
Global
	GlobalSection(SolutionConfigurationPlatforms) = preSolution
		Debug|Any CPU = Debug|Any CPU
		Release|Any CPU = Release|Any CPU
	EndGlobalSection
	GlobalSection(ProjectConfigurationPlatforms) = postSolution
		{8443C278-A6E6-4BE3-87C1-816CCF028397}.Debug|Any CPU.ActiveCfg = Debug|Any CPU
		{8443C278-A6E6-4BE3-87C1-816CCF028397}.Debug|Any CPU.Build.0 = Debug|Any CPU
		{8443C278-A6E6-4BE3-87C1-816CCF028397}.Release|Any CPU.ActiveCfg = Release|Any CPU
		{8443C278-A6E6-4BE3-87C1-816CCF028397}.Release|Any CPU.Build.0 = Release|Any CPU
		{1083FF4F-3ED5-4E87-A369-AA68D5C7394E}.Debug|Any CPU.ActiveCfg = Debug|Any CPU
		{1083FF4F-3ED5-4E87-A369-AA68D5C7394E}.Debug|Any CPU.Build.0 = Debug|Any CPU
		{1083FF4F-3ED5-4E87-A369-AA68D5C7394E}.Release|Any CPU.ActiveCfg = Release|Any CPU
		{1083FF4F-3ED5-4E87-A369-AA68D5C7394E}.Release|Any CPU.Build.0 = Release|Any CPU
		{C58C4C6F-69C6-4A19-8BE5-142EC8CDCE93}.Debug|Any CPU.ActiveCfg = Debug|Any CPU
		{C58C4C6F-69C6-4A19-8BE5-142EC8CDCE93}.Debug|Any CPU.Build.0 = Debug|Any CPU
		{C58C4C6F-69C6-4A19-8BE5-142EC8CDCE93}.Release|Any CPU.ActiveCfg = Release|Any CPU
		{C58C4C6F-69C6-4A19-8BE5-142EC8CDCE93}.Release|Any CPU.Build.0 = Release|Any CPU
		{A92C3EF3-2EC7-49E0-B0BB-87F2AC3B40EC}.Debug|Any CPU.ActiveCfg = Debug|Any CPU
		{A92C3EF3-2EC7-49E0-B0BB-87F2AC3B40EC}.Debug|Any CPU.Build.0 = Debug|Any CPU
		{A92C3EF3-2EC7-49E0-B0BB-87F2AC3B40EC}.Release|Any CPU.ActiveCfg = Release|Any CPU
		{A92C3EF3-2EC7-49E0-B0BB-87F2AC3B40EC}.Release|Any CPU.Build.0 = Release|Any CPU
		{612AABD3-A8A0-43E9-89EC-413D2348AC9A}.Debug|Any CPU.ActiveCfg = Debug|Any CPU
		{612AABD3-A8A0-43E9-89EC-413D2348AC9A}.Debug|Any CPU.Build.0 = Debug|Any CPU
		{612AABD3-A8A0-43E9-89EC-413D2348AC9A}.Release|Any CPU.ActiveCfg = Release|Any CPU
		{612AABD3-A8A0-43E9-89EC-413D2348AC9A}.Release|Any CPU.Build.0 = Release|Any CPU
		{06036380-8E1F-4000-8C59-4ABF7A7B0F1B}.Debug|Any CPU.ActiveCfg = Debug|Any CPU
		{06036380-8E1F-4000-8C59-4ABF7A7B0F1B}.Debug|Any CPU.Build.0 = Debug|Any CPU
		{06036380-8E1F-4000-8C59-4ABF7A7B0F1B}.Release|Any CPU.ActiveCfg = Release|Any CPU
		{06036380-8E1F-4000-8C59-4ABF7A7B0F1B}.Release|Any CPU.Build.0 = Release|Any CPU
		{20F4C2AD-A5E1-43E7-A2A5-FE5C233BA3D8}.Debug|Any CPU.ActiveCfg = Debug|Any CPU
		{20F4C2AD-A5E1-43E7-A2A5-FE5C233BA3D8}.Debug|Any CPU.Build.0 = Debug|Any CPU
		{20F4C2AD-A5E1-43E7-A2A5-FE5C233BA3D8}.Release|Any CPU.ActiveCfg = Release|Any CPU
		{20F4C2AD-A5E1-43E7-A2A5-FE5C233BA3D8}.Release|Any CPU.Build.0 = Release|Any CPU
		{9DFC0E21-3705-4CFA-A529-BAFA274DA358}.Debug|Any CPU.ActiveCfg = Debug|Any CPU
		{9DFC0E21-3705-4CFA-A529-BAFA274DA358}.Debug|Any CPU.Build.0 = Debug|Any CPU
		{9DFC0E21-3705-4CFA-A529-BAFA274DA358}.Release|Any CPU.ActiveCfg = Release|Any CPU
		{9DFC0E21-3705-4CFA-A529-BAFA274DA358}.Release|Any CPU.Build.0 = Release|Any CPU
		{CD794A34-965B-4CC8-9173-796C5F7062F5}.Debug|Any CPU.ActiveCfg = Debug|Any CPU
		{CD794A34-965B-4CC8-9173-796C5F7062F5}.Debug|Any CPU.Build.0 = Debug|Any CPU
		{CD794A34-965B-4CC8-9173-796C5F7062F5}.Release|Any CPU.ActiveCfg = Release|Any CPU
		{CD794A34-965B-4CC8-9173-796C5F7062F5}.Release|Any CPU.Build.0 = Release|Any CPU
	EndGlobalSection
	GlobalSection(SolutionProperties) = preSolution
		HideSolutionNode = FALSE
	EndGlobalSection
	GlobalSection(NestedProjects) = preSolution
		{8443C278-A6E6-4BE3-87C1-816CCF028397} = {4660A854-62C7-468A-AED4-A0C13F37788D}
		{1083FF4F-3ED5-4E87-A369-AA68D5C7394E} = {4660A854-62C7-468A-AED4-A0C13F37788D}
		{C58C4C6F-69C6-4A19-8BE5-142EC8CDCE93} = {4660A854-62C7-468A-AED4-A0C13F37788D}
		{A92C3EF3-2EC7-49E0-B0BB-87F2AC3B40EC} = {4660A854-62C7-468A-AED4-A0C13F37788D}
		{612AABD3-A8A0-43E9-89EC-413D2348AC9A} = {4660A854-62C7-468A-AED4-A0C13F37788D}
		{06036380-8E1F-4000-8C59-4ABF7A7B0F1B} = {4660A854-62C7-468A-AED4-A0C13F37788D}
		{20F4C2AD-A5E1-43E7-A2A5-FE5C233BA3D8} = {4660A854-62C7-468A-AED4-A0C13F37788D}
		{9DFC0E21-3705-4CFA-A529-BAFA274DA358} = {6779D5E3-1DDF-45CF-B8DE-F8883DF6A0DB}
		{CD794A34-965B-4CC8-9173-796C5F7062F5} = {F5863E19-3208-4E01-8409-E23026C6F54B}
	EndGlobalSection
	GlobalSection(ExtensibilityGlobals) = postSolution
		SolutionGuid = {27FB5E19-9A51-4456-886C-849DB8FEB197}
	EndGlobalSection
EndGlobal
